// !$*UTF8*$!
{
	archiveVersion = 1;
	classes = {
	};
	objectVersion = 55;
	objects = {

/* Begin PBXBuildFile section */
		B042A5922799B87B00811583 /* HomeView.swift in Sources */ = {isa = PBXBuildFile; fileRef = B042A5912799B87B00811583 /* HomeView.swift */; };
		B042A59627A4546800811583 /* BookViewModel.swift in Sources */ = {isa = PBXBuildFile; fileRef = B042A59527A4546800811583 /* BookViewModel.swift */; };
		B0611A9227B2D55A00C84530 /* Endpoint.swift in Sources */ = {isa = PBXBuildFile; fileRef = B0611A9127B2D55A00C84530 /* Endpoint.swift */; };
		B0611A9427B2D73300C84530 /* EndpointTests.swift in Sources */ = {isa = PBXBuildFile; fileRef = B0611A9327B2D73300C84530 /* EndpointTests.swift */; };
		B0A7972D2796E98E006D9965 /* PrettyShelfApp.swift in Sources */ = {isa = PBXBuildFile; fileRef = B0A7972C2796E98E006D9965 /* PrettyShelfApp.swift */; };
		B0A797312796E990006D9965 /* Assets.xcassets in Resources */ = {isa = PBXBuildFile; fileRef = B0A797302796E990006D9965 /* Assets.xcassets */; };
		B0A797342796E990006D9965 /* Preview Assets.xcassets in Resources */ = {isa = PBXBuildFile; fileRef = B0A797332796E990006D9965 /* Preview Assets.xcassets */; };
		B0A7973E2796E991006D9965 /* PrettyShelfTests.swift in Sources */ = {isa = PBXBuildFile; fileRef = B0A7973D2796E991006D9965 /* PrettyShelfTests.swift */; };
		B0A797482796E991006D9965 /* PrettyShelfUITests.swift in Sources */ = {isa = PBXBuildFile; fileRef = B0A797472796E991006D9965 /* PrettyShelfUITests.swift */; };
		B0A7974A2796E991006D9965 /* PrettyShelfUITestsLaunchTests.swift in Sources */ = {isa = PBXBuildFile; fileRef = B0A797492796E991006D9965 /* PrettyShelfUITestsLaunchTests.swift */; };
		B0A797572796EA66006D9965 /* Book.swift in Sources */ = {isa = PBXBuildFile; fileRef = B0A797562796EA66006D9965 /* Book.swift */; };
/* End PBXBuildFile section */

/* Begin PBXContainerItemProxy section */
		B0A7973A2796E991006D9965 /* PBXContainerItemProxy */ = {
			isa = PBXContainerItemProxy;
			containerPortal = B0A797212796E98D006D9965 /* Project object */;
			proxyType = 1;
			remoteGlobalIDString = B0A797282796E98E006D9965;
			remoteInfo = PrettyShelf;
		};
		B0A797442796E991006D9965 /* PBXContainerItemProxy */ = {
			isa = PBXContainerItemProxy;
			containerPortal = B0A797212796E98D006D9965 /* Project object */;
			proxyType = 1;
			remoteGlobalIDString = B0A797282796E98E006D9965;
			remoteInfo = PrettyShelf;
		};
/* End PBXContainerItemProxy section */

/* Begin PBXFileReference section */
		B042A5912799B87B00811583 /* HomeView.swift */ = {isa = PBXFileReference; lastKnownFileType = sourcecode.swift; path = HomeView.swift; sourceTree = "<group>"; };
		B042A59527A4546800811583 /* BookViewModel.swift */ = {isa = PBXFileReference; lastKnownFileType = sourcecode.swift; path = BookViewModel.swift; sourceTree = "<group>"; };
		B0611A9127B2D55A00C84530 /* Endpoint.swift */ = {isa = PBXFileReference; lastKnownFileType = sourcecode.swift; path = Endpoint.swift; sourceTree = "<group>"; };
		B0611A9327B2D73300C84530 /* EndpointTests.swift */ = {isa = PBXFileReference; lastKnownFileType = sourcecode.swift; path = EndpointTests.swift; sourceTree = "<group>"; };
		B0A797292796E98E006D9965 /* PrettyShelf.app */ = {isa = PBXFileReference; explicitFileType = wrapper.application; includeInIndex = 0; path = PrettyShelf.app; sourceTree = BUILT_PRODUCTS_DIR; };
		B0A7972C2796E98E006D9965 /* PrettyShelfApp.swift */ = {isa = PBXFileReference; lastKnownFileType = sourcecode.swift; path = PrettyShelfApp.swift; sourceTree = "<group>"; };
		B0A797302796E990006D9965 /* Assets.xcassets */ = {isa = PBXFileReference; lastKnownFileType = folder.assetcatalog; path = Assets.xcassets; sourceTree = "<group>"; };
		B0A797332796E990006D9965 /* Preview Assets.xcassets */ = {isa = PBXFileReference; lastKnownFileType = folder.assetcatalog; path = "Preview Assets.xcassets"; sourceTree = "<group>"; };
		B0A797392796E991006D9965 /* PrettyShelfTests.xctest */ = {isa = PBXFileReference; explicitFileType = wrapper.cfbundle; includeInIndex = 0; path = PrettyShelfTests.xctest; sourceTree = BUILT_PRODUCTS_DIR; };
		B0A7973D2796E991006D9965 /* PrettyShelfTests.swift */ = {isa = PBXFileReference; lastKnownFileType = sourcecode.swift; path = PrettyShelfTests.swift; sourceTree = "<group>"; };
		B0A797432796E991006D9965 /* PrettyShelfUITests.xctest */ = {isa = PBXFileReference; explicitFileType = wrapper.cfbundle; includeInIndex = 0; path = PrettyShelfUITests.xctest; sourceTree = BUILT_PRODUCTS_DIR; };
		B0A797472796E991006D9965 /* PrettyShelfUITests.swift */ = {isa = PBXFileReference; lastKnownFileType = sourcecode.swift; path = PrettyShelfUITests.swift; sourceTree = "<group>"; };
		B0A797492796E991006D9965 /* PrettyShelfUITestsLaunchTests.swift */ = {isa = PBXFileReference; lastKnownFileType = sourcecode.swift; path = PrettyShelfUITestsLaunchTests.swift; sourceTree = "<group>"; };
		B0A797562796EA66006D9965 /* Book.swift */ = {isa = PBXFileReference; lastKnownFileType = sourcecode.swift; path = Book.swift; sourceTree = "<group>"; };
/* End PBXFileReference section */

/* Begin PBXFrameworksBuildPhase section */
		B0A797262796E98E006D9965 /* Frameworks */ = {
			isa = PBXFrameworksBuildPhase;
			buildActionMask = 2147483647;
			files = (
			);
			runOnlyForDeploymentPostprocessing = 0;
		};
		B0A797362796E991006D9965 /* Frameworks */ = {
			isa = PBXFrameworksBuildPhase;
			buildActionMask = 2147483647;
			files = (
			);
			runOnlyForDeploymentPostprocessing = 0;
		};
		B0A797402796E991006D9965 /* Frameworks */ = {
			isa = PBXFrameworksBuildPhase;
			buildActionMask = 2147483647;
			files = (
			);
			runOnlyForDeploymentPostprocessing = 0;
		};
/* End PBXFrameworksBuildPhase section */

/* Begin PBXGroup section */
		B042A59427A453E900811583 /* DataModel */ = {
			isa = PBXGroup;
			children = (
				B0A797562796EA66006D9965 /* Book.swift */,
			);
			path = DataModel;
			sourceTree = "<group>";
		};
		B042A59727A4552F00811583 /* ViewModel */ = {
			isa = PBXGroup;
			children = (
				B042A59527A4546800811583 /* BookViewModel.swift */,
				B0611A9127B2D55A00C84530 /* Endpoint.swift */,
			);
			path = ViewModel;
			sourceTree = "<group>";
		};
		B042A59827A4562400811583 /* Interface */ = {
			isa = PBXGroup;
			children = (
				B042A5912799B87B00811583 /* HomeView.swift */,
			);
			path = Interface;
			sourceTree = "<group>";
		};
		B0A797202796E98D006D9965 = {
			isa = PBXGroup;
			children = (
				B0A7972B2796E98E006D9965 /* PrettyShelf */,
				B0A7973C2796E991006D9965 /* PrettyShelfTests */,
				B0A797462796E991006D9965 /* PrettyShelfUITests */,
				B0A7972A2796E98E006D9965 /* Products */,
			);
			sourceTree = "<group>";
		};
		B0A7972A2796E98E006D9965 /* Products */ = {
			isa = PBXGroup;
			children = (
				B0A797292796E98E006D9965 /* PrettyShelf.app */,
				B0A797392796E991006D9965 /* PrettyShelfTests.xctest */,
				B0A797432796E991006D9965 /* PrettyShelfUITests.xctest */,
			);
			name = Products;
			sourceTree = "<group>";
		};
		B0A7972B2796E98E006D9965 /* PrettyShelf */ = {
			isa = PBXGroup;
			children = (
				B042A59827A4562400811583 /* Interface */,
				B042A59727A4552F00811583 /* ViewModel */,
				B042A59427A453E900811583 /* DataModel */,
				B0A7972C2796E98E006D9965 /* PrettyShelfApp.swift */,
				B0A797302796E990006D9965 /* Assets.xcassets */,
				B0A797322796E990006D9965 /* Preview Content */,
			);
			path = PrettyShelf;
			sourceTree = "<group>";
		};
		B0A797322796E990006D9965 /* Preview Content */ = {
			isa = PBXGroup;
			children = (
				B0A797332796E990006D9965 /* Preview Assets.xcassets */,
			);
			path = "Preview Content";
			sourceTree = "<group>";
		};
		B0A7973C2796E991006D9965 /* PrettyShelfTests */ = {
			isa = PBXGroup;
			children = (
				B0A7973D2796E991006D9965 /* PrettyShelfTests.swift */,
				B0611A9327B2D73300C84530 /* EndpointTests.swift */,
			);
			path = PrettyShelfTests;
			sourceTree = "<group>";
		};
		B0A797462796E991006D9965 /* PrettyShelfUITests */ = {
			isa = PBXGroup;
			children = (
				B0A797472796E991006D9965 /* PrettyShelfUITests.swift */,
				B0A797492796E991006D9965 /* PrettyShelfUITestsLaunchTests.swift */,
			);
			path = PrettyShelfUITests;
			sourceTree = "<group>";
		};
/* End PBXGroup section */

/* Begin PBXNativeTarget section */
		B0A797282796E98E006D9965 /* PrettyShelf */ = {
			isa = PBXNativeTarget;
			buildConfigurationList = B0A7974D2796E991006D9965 /* Build configuration list for PBXNativeTarget "PrettyShelf" */;
			buildPhases = (
				B0A797252796E98E006D9965 /* Sources */,
				B0A797262796E98E006D9965 /* Frameworks */,
				B0A797272796E98E006D9965 /* Resources */,
			);
			buildRules = (
			);
			dependencies = (
			);
			name = PrettyShelf;
			productName = PrettyShelf;
			productReference = B0A797292796E98E006D9965 /* PrettyShelf.app */;
			productType = "com.apple.product-type.application";
		};
		B0A797382796E991006D9965 /* PrettyShelfTests */ = {
			isa = PBXNativeTarget;
			buildConfigurationList = B0A797502796E991006D9965 /* Build configuration list for PBXNativeTarget "PrettyShelfTests" */;
			buildPhases = (
				B0A797352796E991006D9965 /* Sources */,
				B0A797362796E991006D9965 /* Frameworks */,
				B0A797372796E991006D9965 /* Resources */,
			);
			buildRules = (
			);
			dependencies = (
				B0A7973B2796E991006D9965 /* PBXTargetDependency */,
			);
			name = PrettyShelfTests;
			productName = PrettyShelfTests;
			productReference = B0A797392796E991006D9965 /* PrettyShelfTests.xctest */;
			productType = "com.apple.product-type.bundle.unit-test";
		};
		B0A797422796E991006D9965 /* PrettyShelfUITests */ = {
			isa = PBXNativeTarget;
			buildConfigurationList = B0A797532796E991006D9965 /* Build configuration list for PBXNativeTarget "PrettyShelfUITests" */;
			buildPhases = (
				B0A7973F2796E991006D9965 /* Sources */,
				B0A797402796E991006D9965 /* Frameworks */,
				B0A797412796E991006D9965 /* Resources */,
			);
			buildRules = (
			);
			dependencies = (
				B0A797452796E991006D9965 /* PBXTargetDependency */,
			);
			name = PrettyShelfUITests;
			productName = PrettyShelfUITests;
			productReference = B0A797432796E991006D9965 /* PrettyShelfUITests.xctest */;
			productType = "com.apple.product-type.bundle.ui-testing";
		};
/* End PBXNativeTarget section */

/* Begin PBXProject section */
		B0A797212796E98D006D9965 /* Project object */ = {
			isa = PBXProject;
			attributes = {
				BuildIndependentTargetsInParallel = 1;
				LastSwiftUpdateCheck = 1320;
				LastUpgradeCheck = 1320;
				TargetAttributes = {
					B0A797282796E98E006D9965 = {
						CreatedOnToolsVersion = 13.2.1;
					};
					B0A797382796E991006D9965 = {
						CreatedOnToolsVersion = 13.2.1;
						TestTargetID = B0A797282796E98E006D9965;
					};
					B0A797422796E991006D9965 = {
						CreatedOnToolsVersion = 13.2.1;
						TestTargetID = B0A797282796E98E006D9965;
					};
				};
			};
			buildConfigurationList = B0A797242796E98D006D9965 /* Build configuration list for PBXProject "PrettyShelf" */;
			compatibilityVersion = "Xcode 13.0";
			developmentRegion = en;
			hasScannedForEncodings = 0;
			knownRegions = (
				en,
				Base,
			);
			mainGroup = B0A797202796E98D006D9965;
			productRefGroup = B0A7972A2796E98E006D9965 /* Products */;
			projectDirPath = "";
			projectRoot = "";
			targets = (
				B0A797282796E98E006D9965 /* PrettyShelf */,
				B0A797382796E991006D9965 /* PrettyShelfTests */,
				B0A797422796E991006D9965 /* PrettyShelfUITests */,
			);
		};
/* End PBXProject section */

/* Begin PBXResourcesBuildPhase section */
		B0A797272796E98E006D9965 /* Resources */ = {
			isa = PBXResourcesBuildPhase;
			buildActionMask = 2147483647;
			files = (
				B0A797342796E990006D9965 /* Preview Assets.xcassets in Resources */,
				B0A797312796E990006D9965 /* Assets.xcassets in Resources */,
			);
			runOnlyForDeploymentPostprocessing = 0;
		};
		B0A797372796E991006D9965 /* Resources */ = {
			isa = PBXResourcesBuildPhase;
			buildActionMask = 2147483647;
			files = (
			);
			runOnlyForDeploymentPostprocessing = 0;
		};
		B0A797412796E991006D9965 /* Resources */ = {
			isa = PBXResourcesBuildPhase;
			buildActionMask = 2147483647;
			files = (
			);
			runOnlyForDeploymentPostprocessing = 0;
		};
/* End PBXResourcesBuildPhase section */

/* Begin PBXSourcesBuildPhase section */
		B0A797252796E98E006D9965 /* Sources */ = {
			isa = PBXSourcesBuildPhase;
			buildActionMask = 2147483647;
			files = (
				B042A59627A4546800811583 /* BookViewModel.swift in Sources */,
				B042A5922799B87B00811583 /* HomeView.swift in Sources */,
				B0A7972D2796E98E006D9965 /* PrettyShelfApp.swift in Sources */,
				B0A797572796EA66006D9965 /* Book.swift in Sources */,
				B0611A9227B2D55A00C84530 /* Endpoint.swift in Sources */,
			);
			runOnlyForDeploymentPostprocessing = 0;
		};
		B0A797352796E991006D9965 /* Sources */ = {
			isa = PBXSourcesBuildPhase;
			buildActionMask = 2147483647;
			files = (
				B0611A9427B2D73300C84530 /* EndpointTests.swift in Sources */,
				B0A7973E2796E991006D9965 /* PrettyShelfTests.swift in Sources */,
			);
			runOnlyForDeploymentPostprocessing = 0;
		};
		B0A7973F2796E991006D9965 /* Sources */ = {
			isa = PBXSourcesBuildPhase;
			buildActionMask = 2147483647;
			files = (
				B0A797482796E991006D9965 /* PrettyShelfUITests.swift in Sources */,
				B0A7974A2796E991006D9965 /* PrettyShelfUITestsLaunchTests.swift in Sources */,
			);
			runOnlyForDeploymentPostprocessing = 0;
		};
/* End PBXSourcesBuildPhase section */

/* Begin PBXTargetDependency section */
		B0A7973B2796E991006D9965 /* PBXTargetDependency */ = {
			isa = PBXTargetDependency;
			target = B0A797282796E98E006D9965 /* PrettyShelf */;
			targetProxy = B0A7973A2796E991006D9965 /* PBXContainerItemProxy */;
		};
		B0A797452796E991006D9965 /* PBXTargetDependency */ = {
			isa = PBXTargetDependency;
			target = B0A797282796E98E006D9965 /* PrettyShelf */;
			targetProxy = B0A797442796E991006D9965 /* PBXContainerItemProxy */;
		};
/* End PBXTargetDependency section */

/* Begin XCBuildConfiguration section */
		B0A7974B2796E991006D9965 /* Debug */ = {
			isa = XCBuildConfiguration;
			buildSettings = {
				ALWAYS_SEARCH_USER_PATHS = NO;
				CLANG_ANALYZER_NONNULL = YES;
				CLANG_ANALYZER_NUMBER_OBJECT_CONVERSION = YES_AGGRESSIVE;
				CLANG_CXX_LANGUAGE_STANDARD = "gnu++17";
				CLANG_CXX_LIBRARY = "libc++";
				CLANG_ENABLE_MODULES = YES;
				CLANG_ENABLE_OBJC_ARC = YES;
				CLANG_ENABLE_OBJC_WEAK = YES;
				CLANG_WARN_BLOCK_CAPTURE_AUTORELEASING = YES;
				CLANG_WARN_BOOL_CONVERSION = YES;
				CLANG_WARN_COMMA = YES;
				CLANG_WARN_CONSTANT_CONVERSION = YES;
				CLANG_WARN_DEPRECATED_OBJC_IMPLEMENTATIONS = YES;
				CLANG_WARN_DIRECT_OBJC_ISA_USAGE = YES_ERROR;
				CLANG_WARN_DOCUMENTATION_COMMENTS = YES;
				CLANG_WARN_EMPTY_BODY = YES;
				CLANG_WARN_ENUM_CONVERSION = YES;
				CLANG_WARN_INFINITE_RECURSION = YES;
				CLANG_WARN_INT_CONVERSION = YES;
				CLANG_WARN_NON_LITERAL_NULL_CONVERSION = YES;
				CLANG_WARN_OBJC_IMPLICIT_RETAIN_SELF = YES;
				CLANG_WARN_OBJC_LITERAL_CONVERSION = YES;
				CLANG_WARN_OBJC_ROOT_CLASS = YES_ERROR;
				CLANG_WARN_QUOTED_INCLUDE_IN_FRAMEWORK_HEADER = YES;
				CLANG_WARN_RANGE_LOOP_ANALYSIS = YES;
				CLANG_WARN_STRICT_PROTOTYPES = YES;
				CLANG_WARN_SUSPICIOUS_MOVE = YES;
				CLANG_WARN_UNGUARDED_AVAILABILITY = YES_AGGRESSIVE;
				CLANG_WARN_UNREACHABLE_CODE = YES;
				CLANG_WARN__DUPLICATE_METHOD_MATCH = YES;
				COPY_PHASE_STRIP = NO;
				DEBUG_INFORMATION_FORMAT = dwarf;
				ENABLE_STRICT_OBJC_MSGSEND = YES;
				ENABLE_TESTABILITY = YES;
				GCC_C_LANGUAGE_STANDARD = gnu11;
				GCC_DYNAMIC_NO_PIC = NO;
				GCC_NO_COMMON_BLOCKS = YES;
				GCC_OPTIMIZATION_LEVEL = 0;
				GCC_PREPROCESSOR_DEFINITIONS = (
					"DEBUG=1",
					"$(inherited)",
				);
				GCC_WARN_64_TO_32_BIT_CONVERSION = YES;
				GCC_WARN_ABOUT_RETURN_TYPE = YES_ERROR;
				GCC_WARN_UNDECLARED_SELECTOR = YES;
				GCC_WARN_UNINITIALIZED_AUTOS = YES_AGGRESSIVE;
				GCC_WARN_UNUSED_FUNCTION = YES;
				GCC_WARN_UNUSED_VARIABLE = YES;
				IPHONEOS_DEPLOYMENT_TARGET = 15.2;
				MTL_ENABLE_DEBUG_INFO = INCLUDE_SOURCE;
				MTL_FAST_MATH = YES;
				ONLY_ACTIVE_ARCH = YES;
				SDKROOT = iphoneos;
				SWIFT_ACTIVE_COMPILATION_CONDITIONS = DEBUG;
				SWIFT_OPTIMIZATION_LEVEL = "-Onone";
			};
			name = Debug;
		};
		B0A7974C2796E991006D9965 /* Release */ = {
			isa = XCBuildConfiguration;
			buildSettings = {
				ALWAYS_SEARCH_USER_PATHS = NO;
				CLANG_ANALYZER_NONNULL = YES;
				CLANG_ANALYZER_NUMBER_OBJECT_CONVERSION = YES_AGGRESSIVE;
				CLANG_CXX_LANGUAGE_STANDARD = "gnu++17";
				CLANG_CXX_LIBRARY = "libc++";
				CLANG_ENABLE_MODULES = YES;
				CLANG_ENABLE_OBJC_ARC = YES;
				CLANG_ENABLE_OBJC_WEAK = YES;
				CLANG_WARN_BLOCK_CAPTURE_AUTORELEASING = YES;
				CLANG_WARN_BOOL_CONVERSION = YES;
				CLANG_WARN_COMMA = YES;
				CLANG_WARN_CONSTANT_CONVERSION = YES;
				CLANG_WARN_DEPRECATED_OBJC_IMPLEMENTATIONS = YES;
				CLANG_WARN_DIRECT_OBJC_ISA_USAGE = YES_ERROR;
				CLANG_WARN_DOCUMENTATION_COMMENTS = YES;
				CLANG_WARN_EMPTY_BODY = YES;
				CLANG_WARN_ENUM_CONVERSION = YES;
				CLANG_WARN_INFINITE_RECURSION = YES;
				CLANG_WARN_INT_CONVERSION = YES;
				CLANG_WARN_NON_LITERAL_NULL_CONVERSION = YES;
				CLANG_WARN_OBJC_IMPLICIT_RETAIN_SELF = YES;
				CLANG_WARN_OBJC_LITERAL_CONVERSION = YES;
				CLANG_WARN_OBJC_ROOT_CLASS = YES_ERROR;
				CLANG_WARN_QUOTED_INCLUDE_IN_FRAMEWORK_HEADER = YES;
				CLANG_WARN_RANGE_LOOP_ANALYSIS = YES;
				CLANG_WARN_STRICT_PROTOTYPES = YES;
				CLANG_WARN_SUSPICIOUS_MOVE = YES;
				CLANG_WARN_UNGUARDED_AVAILABILITY = YES_AGGRESSIVE;
				CLANG_WARN_UNREACHABLE_CODE = YES;
				CLANG_WARN__DUPLICATE_METHOD_MATCH = YES;
				COPY_PHASE_STRIP = NO;
				DEBUG_INFORMATION_FORMAT = "dwarf-with-dsym";
				ENABLE_NS_ASSERTIONS = NO;
				ENABLE_STRICT_OBJC_MSGSEND = YES;
				GCC_C_LANGUAGE_STANDARD = gnu11;
				GCC_NO_COMMON_BLOCKS = YES;
				GCC_WARN_64_TO_32_BIT_CONVERSION = YES;
				GCC_WARN_ABOUT_RETURN_TYPE = YES_ERROR;
				GCC_WARN_UNDECLARED_SELECTOR = YES;
				GCC_WARN_UNINITIALIZED_AUTOS = YES_AGGRESSIVE;
				GCC_WARN_UNUSED_FUNCTION = YES;
				GCC_WARN_UNUSED_VARIABLE = YES;
				IPHONEOS_DEPLOYMENT_TARGET = 15.2;
				MTL_ENABLE_DEBUG_INFO = NO;
				MTL_FAST_MATH = YES;
				SDKROOT = iphoneos;
				SWIFT_COMPILATION_MODE = wholemodule;
				SWIFT_OPTIMIZATION_LEVEL = "-O";
				VALIDATE_PRODUCT = YES;
			};
			name = Release;
		};
		B0A7974E2796E991006D9965 /* Debug */ = {
			isa = XCBuildConfiguration;
			buildSettings = {
				ASSETCATALOG_COMPILER_APPICON_NAME = AppIcon;
				ASSETCATALOG_COMPILER_GLOBAL_ACCENT_COLOR_NAME = AccentColor;
				CODE_SIGN_STYLE = Automatic;
				CURRENT_PROJECT_VERSION = 1;
				DEVELOPMENT_ASSET_PATHS = "\"PrettyShelf/Preview Content\"";
				DEVELOPMENT_TEAM = FAT7LBYB85;
				ENABLE_PREVIEWS = YES;
				GENERATE_INFOPLIST_FILE = YES;
				INFOPLIST_KEY_UIApplicationSceneManifest_Generation = YES;
				INFOPLIST_KEY_UIApplicationSupportsIndirectInputEvents = YES;
				INFOPLIST_KEY_UILaunchScreen_Generation = YES;
				INFOPLIST_KEY_UISupportedInterfaceOrientations_iPad = "UIInterfaceOrientationPortrait UIInterfaceOrientationPortraitUpsideDown UIInterfaceOrientationLandscapeLeft UIInterfaceOrientationLandscapeRight";
				INFOPLIST_KEY_UISupportedInterfaceOrientations_iPhone = "UIInterfaceOrientationPortrait UIInterfaceOrientationLandscapeLeft UIInterfaceOrientationLandscapeRight";
				LD_RUNPATH_SEARCH_PATHS = (
					"$(inherited)",
					"@executable_path/Frameworks",
				);
				MARKETING_VERSION = 1.0;
				PRODUCT_BUNDLE_IDENTIFIER = com.seda.PrettyShelf;
				PRODUCT_NAME = "$(TARGET_NAME)";
				SWIFT_EMIT_LOC_STRINGS = YES;
				SWIFT_VERSION = 5.0;
				TARGETED_DEVICE_FAMILY = "1,2";
			};
			name = Debug;
		};
		B0A7974F2796E991006D9965 /* Release */ = {
			isa = XCBuildConfiguration;
			buildSettings = {
				ASSETCATALOG_COMPILER_APPICON_NAME = AppIcon;
				ASSETCATALOG_COMPILER_GLOBAL_ACCENT_COLOR_NAME = AccentColor;
				CODE_SIGN_STYLE = Automatic;
				CURRENT_PROJECT_VERSION = 1;
				DEVELOPMENT_ASSET_PATHS = "\"PrettyShelf/Preview Content\"";
				DEVELOPMENT_TEAM = FAT7LBYB85;
				ENABLE_PREVIEWS = YES;
				GENERATE_INFOPLIST_FILE = YES;
				INFOPLIST_KEY_UIApplicationSceneManifest_Generation = YES;
				INFOPLIST_KEY_UIApplicationSupportsIndirectInputEvents = YES;
				INFOPLIST_KEY_UILaunchScreen_Generation = YES;
				INFOPLIST_KEY_UISupportedInterfaceOrientations_iPad = "UIInterfaceOrientationPortrait UIInterfaceOrientationPortraitUpsideDown UIInterfaceOrientationLandscapeLeft UIInterfaceOrientationLandscapeRight";
				INFOPLIST_KEY_UISupportedInterfaceOrientations_iPhone = "UIInterfaceOrientationPortrait UIInterfaceOrientationLandscapeLeft UIInterfaceOrientationLandscapeRight";
				LD_RUNPATH_SEARCH_PATHS = (
					"$(inherited)",
					"@executable_path/Frameworks",
				);
				MARKETING_VERSION = 1.0;
				PRODUCT_BUNDLE_IDENTIFIER = com.seda.PrettyShelf;
				PRODUCT_NAME = "$(TARGET_NAME)";
				SWIFT_EMIT_LOC_STRINGS = YES;
				SWIFT_VERSION = 5.0;
				TARGETED_DEVICE_FAMILY = "1,2";
			};
			name = Release;
		};
		B0A797512796E991006D9965 /* Debug */ = {
			isa = XCBuildConfiguration;
			buildSettings = {
				ALWAYS_EMBED_SWIFT_STANDARD_LIBRARIES = YES;
				BUNDLE_LOADER = "$(TEST_HOST)";
				CODE_SIGN_STYLE = Automatic;
				CURRENT_PROJECT_VERSION = 1;
				GENERATE_INFOPLIST_FILE = YES;
				IPHONEOS_DEPLOYMENT_TARGET = 15.2;
				MARKETING_VERSION = 1.0;
				PRODUCT_BUNDLE_IDENTIFIER = com.seda.PrettyShelfTests;
				PRODUCT_NAME = "$(TARGET_NAME)";
				SWIFT_EMIT_LOC_STRINGS = NO;
				SWIFT_VERSION = 5.0;
				TARGETED_DEVICE_FAMILY = "1,2";
				TEST_HOST = "$(BUILT_PRODUCTS_DIR)/PrettyShelf.app/PrettyShelf";
			};
			name = Debug;
		};
		B0A797522796E991006D9965 /* Release */ = {
			isa = XCBuildConfiguration;
			buildSettings = {
				ALWAYS_EMBED_SWIFT_STANDARD_LIBRARIES = YES;
				BUNDLE_LOADER = "$(TEST_HOST)";
				CODE_SIGN_STYLE = Automatic;
				CURRENT_PROJECT_VERSION = 1;
				GENERATE_INFOPLIST_FILE = YES;
				IPHONEOS_DEPLOYMENT_TARGET = 15.2;
				MARKETING_VERSION = 1.0;
				PRODUCT_BUNDLE_IDENTIFIER = com.seda.PrettyShelfTests;
				PRODUCT_NAME = "$(TARGET_NAME)";
				SWIFT_EMIT_LOC_STRINGS = NO;
				SWIFT_VERSION = 5.0;
				TARGETED_DEVICE_FAMILY = "1,2";
				TEST_HOST = "$(BUILT_PRODUCTS_DIR)/PrettyShelf.app/PrettyShelf";
			};
			name = Release;
		};
		B0A797542796E991006D9965 /* Debug */ = {
			isa = XCBuildConfiguration;
			buildSettings = {
				ALWAYS_EMBED_SWIFT_STANDARD_LIBRARIES = YES;
				CODE_SIGN_STYLE = Automatic;
				CURRENT_PROJECT_VERSION = 1;
				GENERATE_INFOPLIST_FILE = YES;
				MARKETING_VERSION = 1.0;
				PRODUCT_BUNDLE_IDENTIFIER = com.seda.PrettyShelfUITests;
				PRODUCT_NAME = "$(TARGET_NAME)";
				SWIFT_EMIT_LOC_STRINGS = NO;
				SWIFT_VERSION = 5.0;
				TARGETED_DEVICE_FAMILY = "1,2";
				TEST_TARGET_NAME = PrettyShelf;
			};
			name = Debug;
		};
		B0A797552796E991006D9965 /* Release */ = {
			isa = XCBuildConfiguration;
			buildSettings = {
				ALWAYS_EMBED_SWIFT_STANDARD_LIBRARIES = YES;
				CODE_SIGN_STYLE = Automatic;
				CURRENT_PROJECT_VERSION = 1;
				GENERATE_INFOPLIST_FILE = YES;
				MARKETING_VERSION = 1.0;
				PRODUCT_BUNDLE_IDENTIFIER = com.seda.PrettyShelfUITests;
				PRODUCT_NAME = "$(TARGET_NAME)";
				SWIFT_EMIT_LOC_STRINGS = NO;
				SWIFT_VERSION = 5.0;
				TARGETED_DEVICE_FAMILY = "1,2";
				TEST_TARGET_NAME = PrettyShelf;
			};
			name = Release;
		};
/* End XCBuildConfiguration section */

/* Begin XCConfigurationList section */
		B0A797242796E98D006D9965 /* Build configuration list for PBXProject "PrettyShelf" */ = {
			isa = XCConfigurationList;
			buildConfigurations = (
				B0A7974B2796E991006D9965 /* Debug */,
				B0A7974C2796E991006D9965 /* Release */,
			);
			defaultConfigurationIsVisible = 0;
			defaultConfigurationName = Release;
		};
		B0A7974D2796E991006D9965 /* Build configuration list for PBXNativeTarget "PrettyShelf" */ = {
			isa = XCConfigurationList;
			buildConfigurations = (
				B0A7974E2796E991006D9965 /* Debug */,
				B0A7974F2796E991006D9965 /* Release */,
			);
			defaultConfigurationIsVisible = 0;
			defaultConfigurationName = Release;
		};
		B0A797502796E991006D9965 /* Build configuration list for PBXNativeTarget "PrettyShelfTests" */ = {
			isa = XCConfigurationList;
			buildConfigurations = (
				B0A797512796E991006D9965 /* Debug */,
				B0A797522796E991006D9965 /* Release */,
			);
			defaultConfigurationIsVisible = 0;
			defaultConfigurationName = Release;
		};
		B0A797532796E991006D9965 /* Build configuration list for PBXNativeTarget "PrettyShelfUITests" */ = {
			isa = XCConfigurationList;
			buildConfigurations = (
				B0A797542796E991006D9965 /* Debug */,
				B0A797552796E991006D9965 /* Release */,
			);
			defaultConfigurationIsVisible = 0;
			defaultConfigurationName = Release;
		};
/* End XCConfigurationList section */
	};
	rootObject = B0A797212796E98D006D9965 /* Project object */;
}
